// !$*UTF8*$!
{
	archiveVersion = 1;
	classes = {
	};
	objectVersion = 77;
	objects = {

/* Begin PBXBuildFile section */
		4526AFDA2CEF4DCF00D69017 /* Preview Assets.xcassets in Resources */ = {isa = PBXBuildFile; fileRef = 4526AFD42CEF4DCF00D69017 /* Preview Assets.xcassets */; };
		4526AFDB2CEF4DCF00D69017 /* Assets.xcassets in Resources */ = {isa = PBXBuildFile; fileRef = 4526AFD62CEF4DCF00D69017 /* Assets.xcassets */; };
		4526AFDC2CEF4DCF00D69017 /* BigBangAppApp.swift in Sources */ = {isa = PBXBuildFile; fileRef = 4526AFD72CEF4DCF00D69017 /* BigBangAppApp.swift */; };
		4526AFDD2CEF4DCF00D69017 /* EntryView.swift in Sources */ = {isa = PBXBuildFile; fileRef = 4526AFD82CEF4DCF00D69017 /* EntryView.swift */; };
		4526AFE42CEF4E5E00D69017 /* EpisodesListView.swift in Sources */ = {isa = PBXBuildFile; fileRef = 4526AFE32CEF4E5E00D69017 /* EpisodesListView.swift */; };
		4526AFE82CEF4F4D00D69017 /* BigBangData.json in Resources */ = {isa = PBXBuildFile; fileRef = 4526AFE72CEF4F4D00D69017 /* BigBangData.json */; };
		4526AFEA2CEF4F6300D69017 /* BigBangDataTest.json in Resources */ = {isa = PBXBuildFile; fileRef = 4526AFE92CEF4F6300D69017 /* BigBangDataTest.json */; };
		4526AFEC2CEF50FE00D69017 /* BigBang.swift in Sources */ = {isa = PBXBuildFile; fileRef = 4526AFEB2CEF50FE00D69017 /* BigBang.swift */; };
		4526AFEE2CEF513D00D69017 /* Repository.swift in Sources */ = {isa = PBXBuildFile; fileRef = 4526AFED2CEF513D00D69017 /* Repository.swift */; };
		4526AFF02CEF521D00D69017 /* BigBangViewModel.swift in Sources */ = {isa = PBXBuildFile; fileRef = 4526AFEF2CEF521D00D69017 /* BigBangViewModel.swift */; };
		4526AFF22CEF54EB00D69017 /* Episode.swift in Sources */ = {isa = PBXBuildFile; fileRef = 4526AFF12CEF54EB00D69017 /* Episode.swift */; };
		4526AFF52CEFB05400D69017 /* OrderBySeasonToolbar.swift in Sources */ = {isa = PBXBuildFile; fileRef = 4526AFF42CEFB05400D69017 /* OrderBySeasonToolbar.swift */; };
		4526AFF92CF4932600D69017 /* EpisodeRow.swift in Sources */ = {isa = PBXBuildFile; fileRef = 4526AFF82CF4932600D69017 /* EpisodeRow.swift */; };
		4526AFFB2CF4937B00D69017 /* PreviewViews.swift in Sources */ = {isa = PBXBuildFile; fileRef = 4526AFFA2CF4937B00D69017 /* PreviewViews.swift */; };
		4526AFFD2CF499C100D69017 /* ControlIcons.swift in Sources */ = {isa = PBXBuildFile; fileRef = 4526AFFC2CF499C100D69017 /* ControlIcons.swift */; };
		4526AFFF2CF49F4000D69017 /* EpisodeEditViewModel.swift in Sources */ = {isa = PBXBuildFile; fileRef = 4526AFFE2CF49F4000D69017 /* EpisodeEditViewModel.swift */; };
		4526B0012CF4A11300D69017 /* FavouritesView.swift in Sources */ = {isa = PBXBuildFile; fileRef = 4526B0002CF4A11300D69017 /* FavouritesView.swift */; };
		4526B0032CF4A12A00D69017 /* EpisodeEditView.swift in Sources */ = {isa = PBXBuildFile; fileRef = 4526B0022CF4A12A00D69017 /* EpisodeEditView.swift */; };
		4526B0052CF73CE800D69017 /* EpisodeInformationCard.swift in Sources */ = {isa = PBXBuildFile; fileRef = 4526B0042CF73CE800D69017 /* EpisodeInformationCard.swift */; };
		4526B0072CF73DDE00D69017 /* EpisodeControlEdit.swift in Sources */ = {isa = PBXBuildFile; fileRef = 4526B0062CF73DDE00D69017 /* EpisodeControlEdit.swift */; };
		45B6578B2CF79432004977BC /* RepositoryPreview.swift in Sources */ = {isa = PBXBuildFile; fileRef = 45B6578A2CF79432004977BC /* RepositoryPreview.swift */; };
		45B6578D2CF79860004977BC /* RepositoryProtocol.swift in Sources */ = {isa = PBXBuildFile; fileRef = 45B6578C2CF79860004977BC /* RepositoryProtocol.swift */; };
		45B6578F2CF79C89004977BC /* RepositoryError.swift in Sources */ = {isa = PBXBuildFile; fileRef = 45B6578E2CF79C89004977BC /* RepositoryError.swift */; };
/* End PBXBuildFile section */

/* Begin PBXFileReference section */
		4526AFC32CEF4DC200D69017 /* BigBangApp.app */ = {isa = PBXFileReference; explicitFileType = wrapper.application; includeInIndex = 0; path = BigBangApp.app; sourceTree = BUILT_PRODUCTS_DIR; };
		4526AFD42CEF4DCF00D69017 /* Preview Assets.xcassets */ = {isa = PBXFileReference; lastKnownFileType = folder.assetcatalog; path = "Preview Assets.xcassets"; sourceTree = "<group>"; };
		4526AFD62CEF4DCF00D69017 /* Assets.xcassets */ = {isa = PBXFileReference; lastKnownFileType = folder.assetcatalog; path = Assets.xcassets; sourceTree = "<group>"; };
		4526AFD72CEF4DCF00D69017 /* BigBangAppApp.swift */ = {isa = PBXFileReference; lastKnownFileType = sourcecode.swift; path = BigBangAppApp.swift; sourceTree = "<group>"; };
		4526AFD82CEF4DCF00D69017 /* EntryView.swift */ = {isa = PBXFileReference; lastKnownFileType = sourcecode.swift; path = EntryView.swift; sourceTree = "<group>"; };
		4526AFE32CEF4E5E00D69017 /* EpisodesListView.swift */ = {isa = PBXFileReference; lastKnownFileType = sourcecode.swift; path = EpisodesListView.swift; sourceTree = "<group>"; };
		4526AFE72CEF4F4D00D69017 /* BigBangData.json */ = {isa = PBXFileReference; lastKnownFileType = text.json; path = BigBangData.json; sourceTree = "<group>"; };
		4526AFE92CEF4F6300D69017 /* BigBangDataTest.json */ = {isa = PBXFileReference; lastKnownFileType = text.json; path = BigBangDataTest.json; sourceTree = "<group>"; };
		4526AFEB2CEF50FE00D69017 /* BigBang.swift */ = {isa = PBXFileReference; lastKnownFileType = sourcecode.swift; path = BigBang.swift; sourceTree = "<group>"; };
		4526AFED2CEF513D00D69017 /* Repository.swift */ = {isa = PBXFileReference; lastKnownFileType = sourcecode.swift; path = Repository.swift; sourceTree = "<group>"; };
		4526AFEF2CEF521D00D69017 /* BigBangViewModel.swift */ = {isa = PBXFileReference; lastKnownFileType = sourcecode.swift; path = BigBangViewModel.swift; sourceTree = "<group>"; };
		4526AFF12CEF54EB00D69017 /* Episode.swift */ = {isa = PBXFileReference; lastKnownFileType = sourcecode.swift; path = Episode.swift; sourceTree = "<group>"; };
		4526AFF42CEFB05400D69017 /* OrderBySeasonToolbar.swift */ = {isa = PBXFileReference; lastKnownFileType = sourcecode.swift; path = OrderBySeasonToolbar.swift; sourceTree = "<group>"; };
		4526AFF82CF4932600D69017 /* EpisodeRow.swift */ = {isa = PBXFileReference; lastKnownFileType = sourcecode.swift; path = EpisodeRow.swift; sourceTree = "<group>"; };
		4526AFFA2CF4937B00D69017 /* PreviewViews.swift */ = {isa = PBXFileReference; lastKnownFileType = sourcecode.swift; path = PreviewViews.swift; sourceTree = "<group>"; };
		4526AFFC2CF499C100D69017 /* ControlIcons.swift */ = {isa = PBXFileReference; lastKnownFileType = sourcecode.swift; path = ControlIcons.swift; sourceTree = "<group>"; };
		4526AFFE2CF49F4000D69017 /* EpisodeEditViewModel.swift */ = {isa = PBXFileReference; lastKnownFileType = sourcecode.swift; path = EpisodeEditViewModel.swift; sourceTree = "<group>"; };
		4526B0002CF4A11300D69017 /* FavouritesView.swift */ = {isa = PBXFileReference; lastKnownFileType = sourcecode.swift; path = FavouritesView.swift; sourceTree = "<group>"; };
		4526B0022CF4A12A00D69017 /* EpisodeEditView.swift */ = {isa = PBXFileReference; lastKnownFileType = sourcecode.swift; path = EpisodeEditView.swift; sourceTree = "<group>"; };
		4526B0042CF73CE800D69017 /* EpisodeInformationCard.swift */ = {isa = PBXFileReference; lastKnownFileType = sourcecode.swift; path = EpisodeInformationCard.swift; sourceTree = "<group>"; };
		4526B0062CF73DDE00D69017 /* EpisodeControlEdit.swift */ = {isa = PBXFileReference; lastKnownFileType = sourcecode.swift; path = EpisodeControlEdit.swift; sourceTree = "<group>"; };
		45B6578A2CF79432004977BC /* RepositoryPreview.swift */ = {isa = PBXFileReference; lastKnownFileType = sourcecode.swift; path = RepositoryPreview.swift; sourceTree = "<group>"; };
		45B6578C2CF79860004977BC /* RepositoryProtocol.swift */ = {isa = PBXFileReference; lastKnownFileType = sourcecode.swift; path = RepositoryProtocol.swift; sourceTree = "<group>"; };
		45B6578E2CF79C89004977BC /* RepositoryError.swift */ = {isa = PBXFileReference; lastKnownFileType = sourcecode.swift; path = RepositoryError.swift; sourceTree = "<group>"; };
/* End PBXFileReference section */

/* Begin PBXFrameworksBuildPhase section */
		4526AFC02CEF4DC200D69017 /* Frameworks */ = {
			isa = PBXFrameworksBuildPhase;
			buildActionMask = 2147483647;
			files = (
			);
			runOnlyForDeploymentPostprocessing = 0;
		};
/* End PBXFrameworksBuildPhase section */

/* Begin PBXGroup section */
		4526AFBA2CEF4DC200D69017 = {
			isa = PBXGroup;
			children = (
				4526AFD92CEF4DCF00D69017 /* BigBangApp */,
				4526AFC42CEF4DC200D69017 /* Products */,
			);
			sourceTree = "<group>";
		};
		4526AFC42CEF4DC200D69017 /* Products */ = {
			isa = PBXGroup;
			children = (
				4526AFC32CEF4DC200D69017 /* BigBangApp.app */,
			);
			name = Products;
			sourceTree = "<group>";
		};
		4526AFD52CEF4DCF00D69017 /* Preview Content */ = {
			isa = PBXGroup;
			children = (
				45B6578A2CF79432004977BC /* RepositoryPreview.swift */,
				4526AFD42CEF4DCF00D69017 /* Preview Assets.xcassets */,
				4526AFE92CEF4F6300D69017 /* BigBangDataTest.json */,
				4526AFFA2CF4937B00D69017 /* PreviewViews.swift */,
			);
			path = "Preview Content";
			sourceTree = "<group>";
		};
		4526AFD92CEF4DCF00D69017 /* BigBangApp */ = {
			isa = PBXGroup;
			children = (
				4526AFE22CEF4E1900D69017 /* Resources */,
				4526AFE12CEF4E1400D69017 /* Model */,
				4526AFE02CEF4DFB00D69017 /* Repository */,
				4526AFDF2CEF4DF700D69017 /* ViewModel */,
				4526AFDE2CEF4DF200D69017 /* View */,
				4526AFD72CEF4DCF00D69017 /* BigBangAppApp.swift */,
				4526AFD62CEF4DCF00D69017 /* Assets.xcassets */,
				4526AFD52CEF4DCF00D69017 /* Preview Content */,
			);
			path = BigBangApp;
			sourceTree = "<group>";
		};
		4526AFDE2CEF4DF200D69017 /* View */ = {
			isa = PBXGroup;
			children = (
				4526AFF32CEFB04600D69017 /* Components */,
				4526AFD82CEF4DCF00D69017 /* EntryView.swift */,
				4526AFE32CEF4E5E00D69017 /* EpisodesListView.swift */,
				4526B0022CF4A12A00D69017 /* EpisodeEditView.swift */,
				4526B0002CF4A11300D69017 /* FavouritesView.swift */,
			);
			path = View;
			sourceTree = "<group>";
		};
		4526AFDF2CEF4DF700D69017 /* ViewModel */ = {
			isa = PBXGroup;
			children = (
				4526AFEF2CEF521D00D69017 /* BigBangViewModel.swift */,
				4526AFFE2CF49F4000D69017 /* EpisodeEditViewModel.swift */,
			);
			path = ViewModel;
			sourceTree = "<group>";
		};
		4526AFE02CEF4DFB00D69017 /* Repository */ = {
			isa = PBXGroup;
			children = (
				45B6578E2CF79C89004977BC /* RepositoryError.swift */,
				45B6578C2CF79860004977BC /* RepositoryProtocol.swift */,
				4526AFED2CEF513D00D69017 /* Repository.swift */,
			);
			path = Repository;
			sourceTree = "<group>";
		};
		4526AFE12CEF4E1400D69017 /* Model */ = {
			isa = PBXGroup;
			children = (
				4526AFEB2CEF50FE00D69017 /* BigBang.swift */,
				4526AFF12CEF54EB00D69017 /* Episode.swift */,
			);
			path = Model;
			sourceTree = "<group>";
		};
		4526AFE22CEF4E1900D69017 /* Resources */ = {
			isa = PBXGroup;
			children = (
				4526AFE72CEF4F4D00D69017 /* BigBangData.json */,
			);
			path = Resources;
			sourceTree = "<group>";
		};
		4526AFF32CEFB04600D69017 /* Components */ = {
			isa = PBXGroup;
			children = (
				4526B0062CF73DDE00D69017 /* EpisodeControlEdit.swift */,
				4526B0042CF73CE800D69017 /* EpisodeInformationCard.swift */,
				4526AFFC2CF499C100D69017 /* ControlIcons.swift */,
				4526AFF82CF4932600D69017 /* EpisodeRow.swift */,
				4526AFF42CEFB05400D69017 /* OrderBySeasonToolbar.swift */,
			);
			path = Components;
			sourceTree = "<group>";
		};
/* End PBXGroup section */

/* Begin PBXNativeTarget section */
		4526AFC22CEF4DC200D69017 /* BigBangApp */ = {
			isa = PBXNativeTarget;
			buildConfigurationList = 4526AFD12CEF4DC300D69017 /* Build configuration list for PBXNativeTarget "BigBangApp" */;
			buildPhases = (
				4526AFBF2CEF4DC200D69017 /* Sources */,
				4526AFC02CEF4DC200D69017 /* Frameworks */,
				4526AFC12CEF4DC200D69017 /* Resources */,
			);
			buildRules = (
			);
			dependencies = (
			);
			name = BigBangApp;
			packageProductDependencies = (
			);
			productName = BigBangApp;
			productReference = 4526AFC32CEF4DC200D69017 /* BigBangApp.app */;
			productType = "com.apple.product-type.application";
		};
/* End PBXNativeTarget section */

/* Begin PBXProject section */
		4526AFBB2CEF4DC200D69017 /* Project object */ = {
			isa = PBXProject;
			attributes = {
				BuildIndependentTargetsInParallel = 1;
				LastSwiftUpdateCheck = 1610;
				LastUpgradeCheck = 1610;
				TargetAttributes = {
					4526AFC22CEF4DC200D69017 = {
						CreatedOnToolsVersion = 16.1;
					};
				};
			};
			buildConfigurationList = 4526AFBE2CEF4DC200D69017 /* Build configuration list for PBXProject "BigBangApp" */;
			developmentRegion = en;
			hasScannedForEncodings = 0;
			knownRegions = (
				en,
				Base,
			);
			mainGroup = 4526AFBA2CEF4DC200D69017;
			minimizedProjectReferenceProxies = 1;
			packageReferences = (
				45B657902CF9D6E3004977BC /* XCRemoteSwiftPackageReference "swift-docc-plugin" */,
			);
			preferredProjectObjectVersion = 77;
			productRefGroup = 4526AFC42CEF4DC200D69017 /* Products */;
			projectDirPath = "";
			projectRoot = "";
			targets = (
				4526AFC22CEF4DC200D69017 /* BigBangApp */,
			);
		};
/* End PBXProject section */

/* Begin PBXResourcesBuildPhase section */
		4526AFC12CEF4DC200D69017 /* Resources */ = {
			isa = PBXResourcesBuildPhase;
			buildActionMask = 2147483647;
			files = (
				4526AFEA2CEF4F6300D69017 /* BigBangDataTest.json in Resources */,
				4526AFDA2CEF4DCF00D69017 /* Preview Assets.xcassets in Resources */,
				4526AFE82CEF4F4D00D69017 /* BigBangData.json in Resources */,
				4526AFDB2CEF4DCF00D69017 /* Assets.xcassets in Resources */,
			);
			runOnlyForDeploymentPostprocessing = 0;
		};
/* End PBXResourcesBuildPhase section */

/* Begin PBXSourcesBuildPhase section */
		4526AFBF2CEF4DC200D69017 /* Sources */ = {
			isa = PBXSourcesBuildPhase;
			buildActionMask = 2147483647;
			files = (
				4526AFF92CF4932600D69017 /* EpisodeRow.swift in Sources */,
				4526AFF22CEF54EB00D69017 /* Episode.swift in Sources */,
				4526B0032CF4A12A00D69017 /* EpisodeEditView.swift in Sources */,
				4526B0072CF73DDE00D69017 /* EpisodeControlEdit.swift in Sources */,
				4526B0012CF4A11300D69017 /* FavouritesView.swift in Sources */,
				4526AFDC2CEF4DCF00D69017 /* BigBangAppApp.swift in Sources */,
				4526AFDD2CEF4DCF00D69017 /* EntryView.swift in Sources */,
				45B6578F2CF79C89004977BC /* RepositoryError.swift in Sources */,
				4526AFE42CEF4E5E00D69017 /* EpisodesListView.swift in Sources */,
				4526AFFB2CF4937B00D69017 /* PreviewViews.swift in Sources */,
				4526B0052CF73CE800D69017 /* EpisodeInformationCard.swift in Sources */,
				4526AFF02CEF521D00D69017 /* BigBangViewModel.swift in Sources */,
				4526AFF52CEFB05400D69017 /* OrderBySeasonToolbar.swift in Sources */,
				4526AFEC2CEF50FE00D69017 /* BigBang.swift in Sources */,
				4526AFFD2CF499C100D69017 /* ControlIcons.swift in Sources */,
				45B6578B2CF79432004977BC /* RepositoryPreview.swift in Sources */,
				4526AFEE2CEF513D00D69017 /* Repository.swift in Sources */,
				4526AFFF2CF49F4000D69017 /* EpisodeEditViewModel.swift in Sources */,
				45B6578D2CF79860004977BC /* RepositoryProtocol.swift in Sources */,
			);
			runOnlyForDeploymentPostprocessing = 0;
		};
/* End PBXSourcesBuildPhase section */

/* Begin XCBuildConfiguration section */
		4526AFCF2CEF4DC300D69017 /* Debug */ = {
			isa = XCBuildConfiguration;
			buildSettings = {
				ALWAYS_SEARCH_USER_PATHS = NO;
				ASSETCATALOG_COMPILER_GENERATE_SWIFT_ASSET_SYMBOL_EXTENSIONS = YES;
				CLANG_ANALYZER_NONNULL = YES;
				CLANG_ANALYZER_NUMBER_OBJECT_CONVERSION = YES_AGGRESSIVE;
				CLANG_CXX_LANGUAGE_STANDARD = "gnu++20";
				CLANG_ENABLE_MODULES = YES;
				CLANG_ENABLE_OBJC_ARC = YES;
				CLANG_ENABLE_OBJC_WEAK = YES;
				CLANG_WARN_BLOCK_CAPTURE_AUTORELEASING = YES;
				CLANG_WARN_BOOL_CONVERSION = YES;
				CLANG_WARN_COMMA = YES;
				CLANG_WARN_CONSTANT_CONVERSION = YES;
				CLANG_WARN_DEPRECATED_OBJC_IMPLEMENTATIONS = YES;
				CLANG_WARN_DIRECT_OBJC_ISA_USAGE = YES_ERROR;
				CLANG_WARN_DOCUMENTATION_COMMENTS = YES;
				CLANG_WARN_EMPTY_BODY = YES;
				CLANG_WARN_ENUM_CONVERSION = YES;
				CLANG_WARN_INFINITE_RECURSION = YES;
				CLANG_WARN_INT_CONVERSION = YES;
				CLANG_WARN_NON_LITERAL_NULL_CONVERSION = YES;
				CLANG_WARN_OBJC_IMPLICIT_RETAIN_SELF = YES;
				CLANG_WARN_OBJC_LITERAL_CONVERSION = YES;
				CLANG_WARN_OBJC_ROOT_CLASS = YES_ERROR;
				CLANG_WARN_QUOTED_INCLUDE_IN_FRAMEWORK_HEADER = YES;
				CLANG_WARN_RANGE_LOOP_ANALYSIS = YES;
				CLANG_WARN_STRICT_PROTOTYPES = YES;
				CLANG_WARN_SUSPICIOUS_MOVE = YES;
				CLANG_WARN_UNGUARDED_AVAILABILITY = YES_AGGRESSIVE;
				CLANG_WARN_UNREACHABLE_CODE = YES;
				CLANG_WARN__DUPLICATE_METHOD_MATCH = YES;
				COPY_PHASE_STRIP = NO;
				DEBUG_INFORMATION_FORMAT = dwarf;
				ENABLE_STRICT_OBJC_MSGSEND = YES;
				ENABLE_TESTABILITY = YES;
				ENABLE_USER_SCRIPT_SANDBOXING = YES;
				GCC_C_LANGUAGE_STANDARD = gnu17;
				GCC_DYNAMIC_NO_PIC = NO;
				GCC_NO_COMMON_BLOCKS = YES;
				GCC_OPTIMIZATION_LEVEL = 0;
				GCC_PREPROCESSOR_DEFINITIONS = (
					"DEBUG=1",
					"$(inherited)",
				);
				GCC_WARN_64_TO_32_BIT_CONVERSION = YES;
				GCC_WARN_ABOUT_RETURN_TYPE = YES_ERROR;
				GCC_WARN_UNDECLARED_SELECTOR = YES;
				GCC_WARN_UNINITIALIZED_AUTOS = YES_AGGRESSIVE;
				GCC_WARN_UNUSED_FUNCTION = YES;
				GCC_WARN_UNUSED_VARIABLE = YES;
				IPHONEOS_DEPLOYMENT_TARGET = 18.1;
				LOCALIZATION_PREFERS_STRING_CATALOGS = YES;
				MTL_ENABLE_DEBUG_INFO = INCLUDE_SOURCE;
				MTL_FAST_MATH = YES;
				ONLY_ACTIVE_ARCH = YES;
				SDKROOT = iphoneos;
				SWIFT_ACTIVE_COMPILATION_CONDITIONS = "DEBUG $(inherited)";
				SWIFT_OPTIMIZATION_LEVEL = "-Onone";
			};
			name = Debug;
		};
		4526AFD02CEF4DC300D69017 /* Release */ = {
			isa = XCBuildConfiguration;
			buildSettings = {
				ALWAYS_SEARCH_USER_PATHS = NO;
				ASSETCATALOG_COMPILER_GENERATE_SWIFT_ASSET_SYMBOL_EXTENSIONS = YES;
				CLANG_ANALYZER_NONNULL = YES;
				CLANG_ANALYZER_NUMBER_OBJECT_CONVERSION = YES_AGGRESSIVE;
				CLANG_CXX_LANGUAGE_STANDARD = "gnu++20";
				CLANG_ENABLE_MODULES = YES;
				CLANG_ENABLE_OBJC_ARC = YES;
				CLANG_ENABLE_OBJC_WEAK = YES;
				CLANG_WARN_BLOCK_CAPTURE_AUTORELEASING = YES;
				CLANG_WARN_BOOL_CONVERSION = YES;
				CLANG_WARN_COMMA = YES;
				CLANG_WARN_CONSTANT_CONVERSION = YES;
				CLANG_WARN_DEPRECATED_OBJC_IMPLEMENTATIONS = YES;
				CLANG_WARN_DIRECT_OBJC_ISA_USAGE = YES_ERROR;
				CLANG_WARN_DOCUMENTATION_COMMENTS = YES;
				CLANG_WARN_EMPTY_BODY = YES;
				CLANG_WARN_ENUM_CONVERSION = YES;
				CLANG_WARN_INFINITE_RECURSION = YES;
				CLANG_WARN_INT_CONVERSION = YES;
				CLANG_WARN_NON_LITERAL_NULL_CONVERSION = YES;
				CLANG_WARN_OBJC_IMPLICIT_RETAIN_SELF = YES;
				CLANG_WARN_OBJC_LITERAL_CONVERSION = YES;
				CLANG_WARN_OBJC_ROOT_CLASS = YES_ERROR;
				CLANG_WARN_QUOTED_INCLUDE_IN_FRAMEWORK_HEADER = YES;
				CLANG_WARN_RANGE_LOOP_ANALYSIS = YES;
				CLANG_WARN_STRICT_PROTOTYPES = YES;
				CLANG_WARN_SUSPICIOUS_MOVE = YES;
				CLANG_WARN_UNGUARDED_AVAILABILITY = YES_AGGRESSIVE;
				CLANG_WARN_UNREACHABLE_CODE = YES;
				CLANG_WARN__DUPLICATE_METHOD_MATCH = YES;
				COPY_PHASE_STRIP = NO;
				DEBUG_INFORMATION_FORMAT = "dwarf-with-dsym";
				ENABLE_NS_ASSERTIONS = NO;
				ENABLE_STRICT_OBJC_MSGSEND = YES;
				ENABLE_USER_SCRIPT_SANDBOXING = YES;
				GCC_C_LANGUAGE_STANDARD = gnu17;
				GCC_NO_COMMON_BLOCKS = YES;
				GCC_WARN_64_TO_32_BIT_CONVERSION = YES;
				GCC_WARN_ABOUT_RETURN_TYPE = YES_ERROR;
				GCC_WARN_UNDECLARED_SELECTOR = YES;
				GCC_WARN_UNINITIALIZED_AUTOS = YES_AGGRESSIVE;
				GCC_WARN_UNUSED_FUNCTION = YES;
				GCC_WARN_UNUSED_VARIABLE = YES;
				IPHONEOS_DEPLOYMENT_TARGET = 18.1;
				LOCALIZATION_PREFERS_STRING_CATALOGS = YES;
				MTL_ENABLE_DEBUG_INFO = NO;
				MTL_FAST_MATH = YES;
				SDKROOT = iphoneos;
				SWIFT_COMPILATION_MODE = wholemodule;
				VALIDATE_PRODUCT = YES;
			};
			name = Release;
		};
		4526AFD22CEF4DC300D69017 /* Debug */ = {
			isa = XCBuildConfiguration;
			buildSettings = {
				ASSETCATALOG_COMPILER_APPICON_NAME = AppIcon;
				ASSETCATALOG_COMPILER_GLOBAL_ACCENT_COLOR_NAME = AccentColor;
				CODE_SIGN_STYLE = Automatic;
				CURRENT_PROJECT_VERSION = 1;
				DEVELOPMENT_ASSET_PATHS = "\"BigBangApp/Preview Content\"";
				DEVELOPMENT_TEAM = 8MU6QHY59H;
				ENABLE_PREVIEWS = YES;
				GENERATE_INFOPLIST_FILE = YES;
				INFOPLIST_KEY_UIApplicationSceneManifest_Generation = YES;
				INFOPLIST_KEY_UIApplicationSupportsIndirectInputEvents = YES;
				INFOPLIST_KEY_UILaunchScreen_Generation = YES;
				INFOPLIST_KEY_UISupportedInterfaceOrientations_iPad = "UIInterfaceOrientationPortrait UIInterfaceOrientationPortraitUpsideDown UIInterfaceOrientationLandscapeLeft UIInterfaceOrientationLandscapeRight";
				INFOPLIST_KEY_UISupportedInterfaceOrientations_iPhone = "UIInterfaceOrientationPortrait UIInterfaceOrientationLandscapeLeft UIInterfaceOrientationLandscapeRight";
				LD_RUNPATH_SEARCH_PATHS = (
					"$(inherited)",
					"@executable_path/Frameworks",
				);
				MARKETING_VERSION = 1.0;
				PRODUCT_BUNDLE_IDENTIFIER = dev.ruben.BigBangApp;
				PRODUCT_NAME = "$(TARGET_NAME)";
				SWIFT_EMIT_LOC_STRINGS = YES;
				SWIFT_VERSION = 6.0;
				TARGETED_DEVICE_FAMILY = "1,2";
			};
			name = Debug;
		};
		4526AFD32CEF4DC300D69017 /* Release */ = {
			isa = XCBuildConfiguration;
			buildSettings = {
				ASSETCATALOG_COMPILER_APPICON_NAME = AppIcon;
				ASSETCATALOG_COMPILER_GLOBAL_ACCENT_COLOR_NAME = AccentColor;
				CODE_SIGN_STYLE = Automatic;
				CURRENT_PROJECT_VERSION = 1;
				DEVELOPMENT_ASSET_PATHS = "\"BigBangApp/Preview Content\"";
				DEVELOPMENT_TEAM = 8MU6QHY59H;
				ENABLE_PREVIEWS = YES;
				GENERATE_INFOPLIST_FILE = YES;
				INFOPLIST_KEY_UIApplicationSceneManifest_Generation = YES;
				INFOPLIST_KEY_UIApplicationSupportsIndirectInputEvents = YES;
				INFOPLIST_KEY_UILaunchScreen_Generation = YES;
				INFOPLIST_KEY_UISupportedInterfaceOrientations_iPad = "UIInterfaceOrientationPortrait UIInterfaceOrientationPortraitUpsideDown UIInterfaceOrientationLandscapeLeft UIInterfaceOrientationLandscapeRight";
				INFOPLIST_KEY_UISupportedInterfaceOrientations_iPhone = "UIInterfaceOrientationPortrait UIInterfaceOrientationLandscapeLeft UIInterfaceOrientationLandscapeRight";
				LD_RUNPATH_SEARCH_PATHS = (
					"$(inherited)",
					"@executable_path/Frameworks",
				);
				MARKETING_VERSION = 1.0;
				PRODUCT_BUNDLE_IDENTIFIER = dev.ruben.BigBangApp;
				PRODUCT_NAME = "$(TARGET_NAME)";
				SWIFT_EMIT_LOC_STRINGS = YES;
				SWIFT_VERSION = 6.0;
				TARGETED_DEVICE_FAMILY = "1,2";
			};
			name = Release;
		};
/* End XCBuildConfiguration section */

/* Begin XCConfigurationList section */
		4526AFBE2CEF4DC200D69017 /* Build configuration list for PBXProject "BigBangApp" */ = {
			isa = XCConfigurationList;
			buildConfigurations = (
				4526AFCF2CEF4DC300D69017 /* Debug */,
				4526AFD02CEF4DC300D69017 /* Release */,
			);
			defaultConfigurationIsVisible = 0;
			defaultConfigurationName = Release;
		};
		4526AFD12CEF4DC300D69017 /* Build configuration list for PBXNativeTarget "BigBangApp" */ = {
			isa = XCConfigurationList;
			buildConfigurations = (
				4526AFD22CEF4DC300D69017 /* Debug */,
				4526AFD32CEF4DC300D69017 /* Release */,
			);
			defaultConfigurationIsVisible = 0;
			defaultConfigurationName = Release;
		};
/* End XCConfigurationList section */

/* Begin XCRemoteSwiftPackageReference section */
		45B657902CF9D6E3004977BC /* XCRemoteSwiftPackageReference "swift-docc-plugin" */ = {
			isa = XCRemoteSwiftPackageReference;
			repositoryURL = "https://github.com/apple/swift-docc-plugin";
			requirement = {
				kind = upToNextMajorVersion;
				minimumVersion = 1.4.3;
			};
		};
/* End XCRemoteSwiftPackageReference section */
	};
	rootObject = 4526AFBB2CEF4DC200D69017 /* Project object */;
}
